// !$*UTF8*$!
{
	archiveVersion = 1;
	classes = {
	};
	objectVersion = 55;
	objects = {

/* Begin PBXBuildFile section */
		542A4409298E71120066AA7B /* AfterLoginViewController.swift in Sources */ = {isa = PBXBuildFile; fileRef = 542A4408298E71120066AA7B /* AfterLoginViewController.swift */; };
		54C22423298E62E000B7C60F /* AppDelegate.swift in Sources */ = {isa = PBXBuildFile; fileRef = 54C22422298E62E000B7C60F /* AppDelegate.swift */; };
		54C22425298E62E000B7C60F /* SceneDelegate.swift in Sources */ = {isa = PBXBuildFile; fileRef = 54C22424298E62E000B7C60F /* SceneDelegate.swift */; };
		54C22427298E62E000B7C60F /* ViewController.swift in Sources */ = {isa = PBXBuildFile; fileRef = 54C22426298E62E000B7C60F /* ViewController.swift */; };
		54C2242A298E62E000B7C60F /* Main.storyboard in Resources */ = {isa = PBXBuildFile; fileRef = 54C22428298E62E000B7C60F /* Main.storyboard */; };
		54C2242C298E62E100B7C60F /* Assets.xcassets in Resources */ = {isa = PBXBuildFile; fileRef = 54C2242B298E62E100B7C60F /* Assets.xcassets */; };
		54C2242F298E62E100B7C60F /* LaunchScreen.storyboard in Resources */ = {isa = PBXBuildFile; fileRef = 54C2242D298E62E100B7C60F /* LaunchScreen.storyboard */; };
		A83786DE1A049D080D6D7310 /* Pods_GoogleLoginPractice.framework in Frameworks */ = {isa = PBXBuildFile; fileRef = E476F1172C303852D39CB0FD /* Pods_GoogleLoginPractice.framework */; };
/* End PBXBuildFile section */

/* Begin PBXFileReference section */
		40FF68D2794D407C16DC269F /* Pods-GoogleLoginPractice.debug.xcconfig */ = {isa = PBXFileReference; includeInIndex = 1; lastKnownFileType = text.xcconfig; name = "Pods-GoogleLoginPractice.debug.xcconfig"; path = "Target Support Files/Pods-GoogleLoginPractice/Pods-GoogleLoginPractice.debug.xcconfig"; sourceTree = "<group>"; };
		542A4408298E71120066AA7B /* AfterLoginViewController.swift */ = {isa = PBXFileReference; lastKnownFileType = sourcecode.swift; path = AfterLoginViewController.swift; sourceTree = "<group>"; };
		54C2241F298E62E000B7C60F /* GoogleLoginPractice.app */ = {isa = PBXFileReference; explicitFileType = wrapper.application; includeInIndex = 0; path = GoogleLoginPractice.app; sourceTree = BUILT_PRODUCTS_DIR; };
		54C22422298E62E000B7C60F /* AppDelegate.swift */ = {isa = PBXFileReference; lastKnownFileType = sourcecode.swift; path = AppDelegate.swift; sourceTree = "<group>"; };
		54C22424298E62E000B7C60F /* SceneDelegate.swift */ = {isa = PBXFileReference; lastKnownFileType = sourcecode.swift; path = SceneDelegate.swift; sourceTree = "<group>"; };
		54C22426298E62E000B7C60F /* ViewController.swift */ = {isa = PBXFileReference; lastKnownFileType = sourcecode.swift; path = ViewController.swift; sourceTree = "<group>"; };
		54C22429298E62E000B7C60F /* Base */ = {isa = PBXFileReference; lastKnownFileType = file.storyboard; name = Base; path = Base.lproj/Main.storyboard; sourceTree = "<group>"; };
		54C2242B298E62E100B7C60F /* Assets.xcassets */ = {isa = PBXFileReference; lastKnownFileType = folder.assetcatalog; path = Assets.xcassets; sourceTree = "<group>"; };
		54C2242E298E62E100B7C60F /* Base */ = {isa = PBXFileReference; lastKnownFileType = file.storyboard; name = Base; path = Base.lproj/LaunchScreen.storyboard; sourceTree = "<group>"; };
		54C22430298E62E100B7C60F /* Info.plist */ = {isa = PBXFileReference; lastKnownFileType = text.plist.xml; path = Info.plist; sourceTree = "<group>"; };
		E476F1172C303852D39CB0FD /* Pods_GoogleLoginPractice.framework */ = {isa = PBXFileReference; explicitFileType = wrapper.framework; includeInIndex = 0; path = Pods_GoogleLoginPractice.framework; sourceTree = BUILT_PRODUCTS_DIR; };
		FE1975C07541BC682A4F8117 /* Pods-GoogleLoginPractice.release.xcconfig */ = {isa = PBXFileReference; includeInIndex = 1; lastKnownFileType = text.xcconfig; name = "Pods-GoogleLoginPractice.release.xcconfig"; path = "Target Support Files/Pods-GoogleLoginPractice/Pods-GoogleLoginPractice.release.xcconfig"; sourceTree = "<group>"; };
/* End PBXFileReference section */

/* Begin PBXFrameworksBuildPhase section */
		54C2241C298E62E000B7C60F /* Frameworks */ = {
			isa = PBXFrameworksBuildPhase;
			buildActionMask = 2147483647;
			files = (
				A83786DE1A049D080D6D7310 /* Pods_GoogleLoginPractice.framework in Frameworks */,
			);
			runOnlyForDeploymentPostprocessing = 0;
		};
/* End PBXFrameworksBuildPhase section */

/* Begin PBXGroup section */
		54C22416298E62E000B7C60F = {
			isa = PBXGroup;
			children = (
				54C22421298E62E000B7C60F /* GoogleLoginPractice */,
				54C22420298E62E000B7C60F /* Products */,
				9427D7AED303BF25EE18DE01 /* Pods */,
				59A05F9628E8FE600D39AD44 /* Frameworks */,
			);
			sourceTree = "<group>";
		};
		54C22420298E62E000B7C60F /* Products */ = {
			isa = PBXGroup;
			children = (
				54C2241F298E62E000B7C60F /* GoogleLoginPractice.app */,
			);
			name = Products;
			sourceTree = "<group>";
		};
		54C22421298E62E000B7C60F /* GoogleLoginPractice */ = {
			isa = PBXGroup;
			children = (
				54C22422298E62E000B7C60F /* AppDelegate.swift */,
				54C22424298E62E000B7C60F /* SceneDelegate.swift */,
				54C22426298E62E000B7C60F /* ViewController.swift */,
				542A4408298E71120066AA7B /* AfterLoginViewController.swift */,
				54C22428298E62E000B7C60F /* Main.storyboard */,
				54C2242B298E62E100B7C60F /* Assets.xcassets */,
				54C2242D298E62E100B7C60F /* LaunchScreen.storyboard */,
				54C22430298E62E100B7C60F /* Info.plist */,
			);
			path = GoogleLoginPractice;
			sourceTree = "<group>";
		};
		59A05F9628E8FE600D39AD44 /* Frameworks */ = {
			isa = PBXGroup;
			children = (
				E476F1172C303852D39CB0FD /* Pods_GoogleLoginPractice.framework */,
			);
			name = Frameworks;
			sourceTree = "<group>";
		};
		9427D7AED303BF25EE18DE01 /* Pods */ = {
			isa = PBXGroup;
			children = (
				40FF68D2794D407C16DC269F /* Pods-GoogleLoginPractice.debug.xcconfig */,
				FE1975C07541BC682A4F8117 /* Pods-GoogleLoginPractice.release.xcconfig */,
			);
			path = Pods;
			sourceTree = "<group>";
		};
/* End PBXGroup section */

/* Begin PBXNativeTarget section */
		54C2241E298E62E000B7C60F /* GoogleLoginPractice */ = {
			isa = PBXNativeTarget;
			buildConfigurationList = 54C22433298E62E100B7C60F /* Build configuration list for PBXNativeTarget "GoogleLoginPractice" */;
			buildPhases = (
				C08D7EF4FDA8BD20C824FB3E /* [CP] Check Pods Manifest.lock */,
				54C2241B298E62E000B7C60F /* Sources */,
				54C2241C298E62E000B7C60F /* Frameworks */,
				54C2241D298E62E000B7C60F /* Resources */,
				0D7DE271A215BE440C4DDF06 /* [CP] Embed Pods Frameworks */,
			);
			buildRules = (
			);
			dependencies = (
			);
			name = GoogleLoginPractice;
			productName = GoogleLoginPractice;
			productReference = 54C2241F298E62E000B7C60F /* GoogleLoginPractice.app */;
			productType = "com.apple.product-type.application";
		};
/* End PBXNativeTarget section */

/* Begin PBXProject section */
		54C22417298E62E000B7C60F /* Project object */ = {
			isa = PBXProject;
			attributes = {
				BuildIndependentTargetsInParallel = 1;
				LastSwiftUpdateCheck = 1410;
				LastUpgradeCheck = 1410;
				TargetAttributes = {
					54C2241E298E62E000B7C60F = {
						CreatedOnToolsVersion = 14.1;
					};
				};
			};
			buildConfigurationList = 54C2241A298E62E000B7C60F /* Build configuration list for PBXProject "GoogleLoginPractice" */;
			compatibilityVersion = "Xcode 13.0";
			developmentRegion = en;
			hasScannedForEncodings = 0;
			knownRegions = (
				en,
				Base,
			);
			mainGroup = 54C22416298E62E000B7C60F;
			productRefGroup = 54C22420298E62E000B7C60F /* Products */;
			projectDirPath = "";
			projectRoot = "";
			targets = (
				54C2241E298E62E000B7C60F /* GoogleLoginPractice */,
			);
		};
/* End PBXProject section */

/* Begin PBXResourcesBuildPhase section */
		54C2241D298E62E000B7C60F /* Resources */ = {
			isa = PBXResourcesBuildPhase;
			buildActionMask = 2147483647;
			files = (
				54C2242F298E62E100B7C60F /* LaunchScreen.storyboard in Resources */,
				54C2242C298E62E100B7C60F /* Assets.xcassets in Resources */,
				54C2242A298E62E000B7C60F /* Main.storyboard in Resources */,
			);
			runOnlyForDeploymentPostprocessing = 0;
		};
/* End PBXResourcesBuildPhase section */

/* Begin PBXShellScriptBuildPhase section */
		0D7DE271A215BE440C4DDF06 /* [CP] Embed Pods Frameworks */ = {
			isa = PBXShellScriptBuildPhase;
			buildActionMask = 2147483647;
			files = (
			);
			inputFileListPaths = (
				"${PODS_ROOT}/Target Support Files/Pods-GoogleLoginPractice/Pods-GoogleLoginPractice-frameworks-${CONFIGURATION}-input-files.xcfilelist",
			);
			name = "[CP] Embed Pods Frameworks";
			outputFileListPaths = (
				"${PODS_ROOT}/Target Support Files/Pods-GoogleLoginPractice/Pods-GoogleLoginPractice-frameworks-${CONFIGURATION}-output-files.xcfilelist",
			);
			runOnlyForDeploymentPostprocessing = 0;
			shellPath = /bin/sh;
			shellScript = "\"${PODS_ROOT}/Target Support Files/Pods-GoogleLoginPractice/Pods-GoogleLoginPractice-frameworks.sh\"\n";
			showEnvVarsInLog = 0;
		};
		C08D7EF4FDA8BD20C824FB3E /* [CP] Check Pods Manifest.lock */ = {
			isa = PBXShellScriptBuildPhase;
			buildActionMask = 2147483647;
			files = (
			);
			inputFileListPaths = (
			);
			inputPaths = (
				"${PODS_PODFILE_DIR_PATH}/Podfile.lock",
				"${PODS_ROOT}/Manifest.lock",
			);
			name = "[CP] Check Pods Manifest.lock";
			outputFileListPaths = (
			);
			outputPaths = (
				"$(DERIVED_FILE_DIR)/Pods-GoogleLoginPractice-checkManifestLockResult.txt",
			);
			runOnlyForDeploymentPostprocessing = 0;
			shellPath = /bin/sh;
			shellScript = "diff \"${PODS_PODFILE_DIR_PATH}/Podfile.lock\" \"${PODS_ROOT}/Manifest.lock\" > /dev/null\nif [ $? != 0 ] ; then\n    # print error to STDERR\n    echo \"error: The sandbox is not in sync with the Podfile.lock. Run 'pod install' or update your CocoaPods installation.\" >&2\n    exit 1\nfi\n# This output is used by Xcode 'outputs' to avoid re-running this script phase.\necho \"SUCCESS\" > \"${SCRIPT_OUTPUT_FILE_0}\"\n";
			showEnvVarsInLog = 0;
		};
/* End PBXShellScriptBuildPhase section */

/* Begin PBXSourcesBuildPhase section */
		54C2241B298E62E000B7C60F /* Sources */ = {
			isa = PBXSourcesBuildPhase;
			buildActionMask = 2147483647;
			files = (
				54C22427298E62E000B7C60F /* ViewController.swift in Sources */,
				54C22423298E62E000B7C60F /* AppDelegate.swift in Sources */,
				54C22425298E62E000B7C60F /* SceneDelegate.swift in Sources */,
				542A4409298E71120066AA7B /* AfterLoginViewController.swift in Sources */,
			);
			runOnlyForDeploymentPostprocessing = 0;
		};
/* End PBXSourcesBuildPhase section */

/* Begin PBXVariantGroup section */
		54C22428298E62E000B7C60F /* Main.storyboard */ = {
			isa = PBXVariantGroup;
			children = (
				54C22429298E62E000B7C60F /* Base */,
			);
			name = Main.storyboard;
			sourceTree = "<group>";
		};
		54C2242D298E62E100B7C60F /* LaunchScreen.storyboard */ = {
			isa = PBXVariantGroup;
			children = (
				54C2242E298E62E100B7C60F /* Base */,
			);
			name = LaunchScreen.storyboard;
			sourceTree = "<group>";
		};
/* End PBXVariantGroup section */

/* Begin XCBuildConfiguration section */
		54C22431298E62E100B7C60F /* Debug */ = {
			isa = XCBuildConfiguration;
			buildSettings = {
				ALWAYS_SEARCH_USER_PATHS = NO;
				CLANG_ANALYZER_NONNULL = YES;
				CLANG_ANALYZER_NUMBER_OBJECT_CONVERSION = YES_AGGRESSIVE;
				CLANG_CXX_LANGUAGE_STANDARD = "gnu++20";
				CLANG_ENABLE_MODULES = YES;
				CLANG_ENABLE_OBJC_ARC = YES;
				CLANG_ENABLE_OBJC_WEAK = YES;
				CLANG_WARN_BLOCK_CAPTURE_AUTORELEASING = YES;
				CLANG_WARN_BOOL_CONVERSION = YES;
				CLANG_WARN_COMMA = YES;
				CLANG_WARN_CONSTANT_CONVERSION = YES;
				CLANG_WARN_DEPRECATED_OBJC_IMPLEMENTATIONS = YES;
				CLANG_WARN_DIRECT_OBJC_ISA_USAGE = YES_ERROR;
				CLANG_WARN_DOCUMENTATION_COMMENTS = YES;
				CLANG_WARN_EMPTY_BODY = YES;
				CLANG_WARN_ENUM_CONVERSION = YES;
				CLANG_WARN_INFINITE_RECURSION = YES;
				CLANG_WARN_INT_CONVERSION = YES;
				CLANG_WARN_NON_LITERAL_NULL_CONVERSION = YES;
				CLANG_WARN_OBJC_IMPLICIT_RETAIN_SELF = YES;
				CLANG_WARN_OBJC_LITERAL_CONVERSION = YES;
				CLANG_WARN_OBJC_ROOT_CLASS = YES_ERROR;
				CLANG_WARN_QUOTED_INCLUDE_IN_FRAMEWORK_HEADER = YES;
				CLANG_WARN_RANGE_LOOP_ANALYSIS = YES;
				CLANG_WARN_STRICT_PROTOTYPES = YES;
				CLANG_WARN_SUSPICIOUS_MOVE = YES;
				CLANG_WARN_UNGUARDED_AVAILABILITY = YES_AGGRESSIVE;
				CLANG_WARN_UNREACHABLE_CODE = YES;
				CLANG_WARN__DUPLICATE_METHOD_MATCH = YES;
				COPY_PHASE_STRIP = NO;
				DEBUG_INFORMATION_FORMAT = dwarf;
				ENABLE_STRICT_OBJC_MSGSEND = YES;
				ENABLE_TESTABILITY = YES;
				GCC_C_LANGUAGE_STANDARD = gnu11;
				GCC_DYNAMIC_NO_PIC = NO;
				GCC_NO_COMMON_BLOCKS = YES;
				GCC_OPTIMIZATION_LEVEL = 0;
				GCC_PREPROCESSOR_DEFINITIONS = (
					"DEBUG=1",
					"$(inherited)",
				);
				GCC_WARN_64_TO_32_BIT_CONVERSION = YES;
				GCC_WARN_ABOUT_RETURN_TYPE = YES_ERROR;
				GCC_WARN_UNDECLARED_SELECTOR = YES;
				GCC_WARN_UNINITIALIZED_AUTOS = YES_AGGRESSIVE;
				GCC_WARN_UNUSED_FUNCTION = YES;
				GCC_WARN_UNUSED_VARIABLE = YES;
				IPHONEOS_DEPLOYMENT_TARGET = 16.1;
				MTL_ENABLE_DEBUG_INFO = INCLUDE_SOURCE;
				MTL_FAST_MATH = YES;
				ONLY_ACTIVE_ARCH = YES;
				SDKROOT = iphoneos;
				SWIFT_ACTIVE_COMPILATION_CONDITIONS = DEBUG;
				SWIFT_OPTIMIZATION_LEVEL = "-Onone";
			};
			name = Debug;
		};
		54C22432298E62E100B7C60F /* Release */ = {
			isa = XCBuildConfiguration;
			buildSettings = {
				ALWAYS_SEARCH_USER_PATHS = NO;
				CLANG_ANALYZER_NONNULL = YES;
				CLANG_ANALYZER_NUMBER_OBJECT_CONVERSION = YES_AGGRESSIVE;
				CLANG_CXX_LANGUAGE_STANDARD = "gnu++20";
				CLANG_ENABLE_MODULES = YES;
				CLANG_ENABLE_OBJC_ARC = YES;
				CLANG_ENABLE_OBJC_WEAK = YES;
				CLANG_WARN_BLOCK_CAPTURE_AUTORELEASING = YES;
				CLANG_WARN_BOOL_CONVERSION = YES;
				CLANG_WARN_COMMA = YES;
				CLANG_WARN_CONSTANT_CONVERSION = YES;
				CLANG_WARN_DEPRECATED_OBJC_IMPLEMENTATIONS = YES;
				CLANG_WARN_DIRECT_OBJC_ISA_USAGE = YES_ERROR;
				CLANG_WARN_DOCUMENTATION_COMMENTS = YES;
				CLANG_WARN_EMPTY_BODY = YES;
				CLANG_WARN_ENUM_CONVERSION = YES;
				CLANG_WARN_INFINITE_RECURSION = YES;
				CLANG_WARN_INT_CONVERSION = YES;
				CLANG_WARN_NON_LITERAL_NULL_CONVERSION = YES;
				CLANG_WARN_OBJC_IMPLICIT_RETAIN_SELF = YES;
				CLANG_WARN_OBJC_LITERAL_CONVERSION = YES;
				CLANG_WARN_OBJC_ROOT_CLASS = YES_ERROR;
				CLANG_WARN_QUOTED_INCLUDE_IN_FRAMEWORK_HEADER = YES;
				CLANG_WARN_RANGE_LOOP_ANALYSIS = YES;
				CLANG_WARN_STRICT_PROTOTYPES = YES;
				CLANG_WARN_SUSPICIOUS_MOVE = YES;
				CLANG_WARN_UNGUARDED_AVAILABILITY = YES_AGGRESSIVE;
				CLANG_WARN_UNREACHABLE_CODE = YES;
				CLANG_WARN__DUPLICATE_METHOD_MATCH = YES;
				COPY_PHASE_STRIP = NO;
				DEBUG_INFORMATION_FORMAT = "dwarf-with-dsym";
				ENABLE_NS_ASSERTIONS = NO;
				ENABLE_STRICT_OBJC_MSGSEND = YES;
				GCC_C_LANGUAGE_STANDARD = gnu11;
				GCC_NO_COMMON_BLOCKS = YES;
				GCC_WARN_64_TO_32_BIT_CONVERSION = YES;
				GCC_WARN_ABOUT_RETURN_TYPE = YES_ERROR;
				GCC_WARN_UNDECLARED_SELECTOR = YES;
				GCC_WARN_UNINITIALIZED_AUTOS = YES_AGGRESSIVE;
				GCC_WARN_UNUSED_FUNCTION = YES;
				GCC_WARN_UNUSED_VARIABLE = YES;
				IPHONEOS_DEPLOYMENT_TARGET = 16.1;
				MTL_ENABLE_DEBUG_INFO = NO;
				MTL_FAST_MATH = YES;
				SDKROOT = iphoneos;
				SWIFT_COMPILATION_MODE = wholemodule;
				SWIFT_OPTIMIZATION_LEVEL = "-O";
				VALIDATE_PRODUCT = YES;
			};
			name = Release;
		};
		54C22434298E62E100B7C60F /* Debug */ = {
			isa = XCBuildConfiguration;
			baseConfigurationReference = 40FF68D2794D407C16DC269F /* Pods-GoogleLoginPractice.debug.xcconfig */;
			buildSettings = {
				ASSETCATALOG_COMPILER_APPICON_NAME = AppIcon;
				ASSETCATALOG_COMPILER_GLOBAL_ACCENT_COLOR_NAME = AccentColor;
				CODE_SIGN_STYLE = Automatic;
				CURRENT_PROJECT_VERSION = 1;
				DEVELOPMENT_TEAM = N67R5W6U5A;
				GENERATE_INFOPLIST_FILE = YES;
				INFOPLIST_FILE = GoogleLoginPractice/Info.plist;
				INFOPLIST_KEY_UIApplicationSupportsIndirectInputEvents = YES;
				INFOPLIST_KEY_UILaunchStoryboardName = LaunchScreen;
				INFOPLIST_KEY_UIMainStoryboardFile = Main;
				INFOPLIST_KEY_UISupportedInterfaceOrientations = UIInterfaceOrientationPortrait;
				INFOPLIST_KEY_UISupportedInterfaceOrientations_iPad = "UIInterfaceOrientationLandscapeLeft UIInterfaceOrientationLandscapeRight UIInterfaceOrientationPortrait UIInterfaceOrientationPortraitUpsideDown";
				IPHONEOS_DEPLOYMENT_TARGET = 15.0;
				LD_RUNPATH_SEARCH_PATHS = (
					"$(inherited)",
					"@executable_path/Frameworks",
				);
				MARKETING_VERSION = 1.0;
				PRODUCT_BUNDLE_IDENTIFIER = michelle.GoogleLoginPractice;
				PRODUCT_NAME = "$(TARGET_NAME)";
				SUPPORTED_PLATFORMS = "iphoneos iphonesimulator";
				SUPPORTS_MACCATALYST = NO;
				SUPPORTS_MAC_DESIGNED_FOR_IPHONE_IPAD = NO;
				SWIFT_EMIT_LOC_STRINGS = YES;
				SWIFT_VERSION = 5.0;
				TARGETED_DEVICE_FAMILY = 1;
			};
			name = Debug;
		};
		54C22435298E62E100B7C60F /* Release */ = {
			isa = XCBuildConfiguration;
			baseConfigurationReference = FE1975C07541BC682A4F8117 /* Pods-GoogleLoginPractice.release.xcconfig */;
			buildSettings = {
				ASSETCATALOG_COMPILER_APPICON_NAME = AppIcon;
				ASSETCATALOG_COMPILER_GLOBAL_ACCENT_COLOR_NAME = AccentColor;
				CODE_SIGN_STYLE = Automatic;
				CURRENT_PROJECT_VERSION = 1;
				DEVELOPMENT_TEAM = N67R5W6U5A;
				GENERATE_INFOPLIST_FILE = YES;
				INFOPLIST_FILE = GoogleLoginPractice/Info.plist;
				INFOPLIST_KEY_UIApplicationSupportsIndirectInputEvents = YES;
				INFOPLIST_KEY_UILaunchStoryboardName = LaunchScreen;
				INFOPLIST_KEY_UIMainStoryboardFile = Main;
				INFOPLIST_KEY_UISupportedInterfaceOrientations = UIInterfaceOrientationPortrait;
				INFOPLIST_KEY_UISupportedInterfaceOrientations_iPad = "UIInterfaceOrientationLandscapeLeft UIInterfaceOrientationLandscapeRight UIInterfaceOrientationPortrait UIInterfaceOrientationPortraitUpsideDown";
				IPHONEOS_DEPLOYMENT_TARGET = 15.0;
				LD_RUNPATH_SEARCH_PATHS = (
					"$(inherited)",
					"@executable_path/Frameworks",
				);
				MARKETING_VERSION = 1.0;
				PRODUCT_BUNDLE_IDENTIFIER = michelle.GoogleLoginPractice;
				PRODUCT_NAME = "$(TARGET_NAME)";
				SUPPORTED_PLATFORMS = "iphoneos iphonesimulator";
				SUPPORTS_MACCATALYST = NO;
				SUPPORTS_MAC_DESIGNED_FOR_IPHONE_IPAD = NO;
				SWIFT_EMIT_LOC_STRINGS = YES;
				SWIFT_VERSION = 5.0;
				TARGETED_DEVICE_FAMILY = 1;
			};
			name = Release;
		};
/* End XCBuildConfiguration section */

/* Begin XCConfigurationList section */
		54C2241A298E62E000B7C60F /* Build configuration list for PBXProject "GoogleLoginPractice" */ = {
			isa = XCConfigurationList;
			buildConfigurations = (
				54C22431298E62E100B7C60F /* Debug */,
				54C22432298E62E100B7C60F /* Release */,
			);
			defaultConfigurationIsVisible = 0;
			defaultConfigurationName = Release;
		};
		54C22433298E62E100B7C60F /* Build configuration list for PBXNativeTarget "GoogleLoginPractice" */ = {
			isa = XCConfigurationList;
			buildConfigurations = (
				54C22434298E62E100B7C60F /* Debug */,
				54C22435298E62E100B7C60F /* Release */,
			);
			defaultConfigurationIsVisible = 0;
			defaultConfigurationName = Release;
		};
/* End XCConfigurationList section */
	};
	rootObject = 54C22417298E62E000B7C60F /* Project object */;
}
