// !$*UTF8*$!
{
	archiveVersion = 1;
	classes = {
	};
	objectVersion = 55;
	objects = {

/* Begin PBXBuildFile section */
		540D69CF2993246D00A565ED /* .gitignore in Resources */ = {isa = PBXBuildFile; fileRef = 540D69CE2993246D00A565ED /* .gitignore */; };
		548C3B922993D86F00600163 /* Alamofire in Frameworks */ = {isa = PBXBuildFile; productRef = 548C3B912993D86F00600163 /* Alamofire */; };
		54AA4FD9299319DB00BA5F23 /* AppDelegate.swift in Sources */ = {isa = PBXBuildFile; fileRef = 54AA4FD8299319DB00BA5F23 /* AppDelegate.swift */; };
		54AA4FDB299319DB00BA5F23 /* SceneDelegate.swift in Sources */ = {isa = PBXBuildFile; fileRef = 54AA4FDA299319DB00BA5F23 /* SceneDelegate.swift */; };
		54AA4FDD299319DB00BA5F23 /* ViewController.swift in Sources */ = {isa = PBXBuildFile; fileRef = 54AA4FDC299319DB00BA5F23 /* ViewController.swift */; };
		54AA4FE0299319DB00BA5F23 /* Main.storyboard in Resources */ = {isa = PBXBuildFile; fileRef = 54AA4FDE299319DB00BA5F23 /* Main.storyboard */; };
		54AA4FE2299319DB00BA5F23 /* Assets.xcassets in Resources */ = {isa = PBXBuildFile; fileRef = 54AA4FE1299319DB00BA5F23 /* Assets.xcassets */; };
		54AA4FE5299319DB00BA5F23 /* LaunchScreen.storyboard in Resources */ = {isa = PBXBuildFile; fileRef = 54AA4FE3299319DB00BA5F23 /* LaunchScreen.storyboard */; };
		E379758BC9F980F29349B46F /* Pods_NaverLogin.framework in Frameworks */ = {isa = PBXBuildFile; fileRef = 2FEFC6C88F39CC2DBD8B304E /* Pods_NaverLogin.framework */; };
/* End PBXBuildFile section */

/* Begin PBXFileReference section */
		2FEFC6C88F39CC2DBD8B304E /* Pods_NaverLogin.framework */ = {isa = PBXFileReference; explicitFileType = wrapper.framework; includeInIndex = 0; path = Pods_NaverLogin.framework; sourceTree = BUILT_PRODUCTS_DIR; };
		540D69CE2993246D00A565ED /* .gitignore */ = {isa = PBXFileReference; lastKnownFileType = text; path = .gitignore; sourceTree = "<group>"; };
		54AA4FD5299319DB00BA5F23 /* NaverLogin.app */ = {isa = PBXFileReference; explicitFileType = wrapper.application; includeInIndex = 0; path = NaverLogin.app; sourceTree = BUILT_PRODUCTS_DIR; };
		54AA4FD8299319DB00BA5F23 /* AppDelegate.swift */ = {isa = PBXFileReference; lastKnownFileType = sourcecode.swift; path = AppDelegate.swift; sourceTree = "<group>"; };
		54AA4FDA299319DB00BA5F23 /* SceneDelegate.swift */ = {isa = PBXFileReference; lastKnownFileType = sourcecode.swift; path = SceneDelegate.swift; sourceTree = "<group>"; };
		54AA4FDC299319DB00BA5F23 /* ViewController.swift */ = {isa = PBXFileReference; lastKnownFileType = sourcecode.swift; path = ViewController.swift; sourceTree = "<group>"; };
		54AA4FDF299319DB00BA5F23 /* Base */ = {isa = PBXFileReference; lastKnownFileType = file.storyboard; name = Base; path = Base.lproj/Main.storyboard; sourceTree = "<group>"; };
		54AA4FE1299319DB00BA5F23 /* Assets.xcassets */ = {isa = PBXFileReference; lastKnownFileType = folder.assetcatalog; path = Assets.xcassets; sourceTree = "<group>"; };
		54AA4FE4299319DB00BA5F23 /* Base */ = {isa = PBXFileReference; lastKnownFileType = file.storyboard; name = Base; path = Base.lproj/LaunchScreen.storyboard; sourceTree = "<group>"; };
		54AA4FE6299319DB00BA5F23 /* Info.plist */ = {isa = PBXFileReference; lastKnownFileType = text.plist.xml; path = Info.plist; sourceTree = "<group>"; };
		570558E67246FCDD29D93A29 /* Pods-NaverLogin.debug.xcconfig */ = {isa = PBXFileReference; includeInIndex = 1; lastKnownFileType = text.xcconfig; name = "Pods-NaverLogin.debug.xcconfig"; path = "Target Support Files/Pods-NaverLogin/Pods-NaverLogin.debug.xcconfig"; sourceTree = "<group>"; };
		B231846CFD00E318D8533132 /* Pods-NaverLogin.release.xcconfig */ = {isa = PBXFileReference; includeInIndex = 1; lastKnownFileType = text.xcconfig; name = "Pods-NaverLogin.release.xcconfig"; path = "Target Support Files/Pods-NaverLogin/Pods-NaverLogin.release.xcconfig"; sourceTree = "<group>"; };
/* End PBXFileReference section */

/* Begin PBXFrameworksBuildPhase section */
		54AA4FD2299319DB00BA5F23 /* Frameworks */ = {
			isa = PBXFrameworksBuildPhase;
			buildActionMask = 2147483647;
			files = (
				E379758BC9F980F29349B46F /* Pods_NaverLogin.framework in Frameworks */,
				548C3B922993D86F00600163 /* Alamofire in Frameworks */,
			);
			runOnlyForDeploymentPostprocessing = 0;
		};
/* End PBXFrameworksBuildPhase section */

/* Begin PBXGroup section */
		2D918DCAD7EBC59849AD74DA /* Frameworks */ = {
			isa = PBXGroup;
			children = (
				2FEFC6C88F39CC2DBD8B304E /* Pods_NaverLogin.framework */,
			);
			name = Frameworks;
			sourceTree = "<group>";
		};
		54AA4FCC299319DB00BA5F23 = {
			isa = PBXGroup;
			children = (
				540D69CE2993246D00A565ED /* .gitignore */,
				54AA4FD7299319DB00BA5F23 /* NaverLogin */,
				54AA4FD6299319DB00BA5F23 /* Products */,
				DD19A888F4B53495AC622CFD /* Pods */,
				2D918DCAD7EBC59849AD74DA /* Frameworks */,
			);
			sourceTree = "<group>";
		};
		54AA4FD6299319DB00BA5F23 /* Products */ = {
			isa = PBXGroup;
			children = (
				54AA4FD5299319DB00BA5F23 /* NaverLogin.app */,
			);
			name = Products;
			sourceTree = "<group>";
		};
		54AA4FD7299319DB00BA5F23 /* NaverLogin */ = {
			isa = PBXGroup;
			children = (
				54AA4FD8299319DB00BA5F23 /* AppDelegate.swift */,
				54AA4FDA299319DB00BA5F23 /* SceneDelegate.swift */,
				54AA4FDC299319DB00BA5F23 /* ViewController.swift */,
				54AA4FDE299319DB00BA5F23 /* Main.storyboard */,
				54AA4FE1299319DB00BA5F23 /* Assets.xcassets */,
				54AA4FE3299319DB00BA5F23 /* LaunchScreen.storyboard */,
				54AA4FE6299319DB00BA5F23 /* Info.plist */,
			);
			path = NaverLogin;
			sourceTree = "<group>";
		};
		DD19A888F4B53495AC622CFD /* Pods */ = {
			isa = PBXGroup;
			children = (
				570558E67246FCDD29D93A29 /* Pods-NaverLogin.debug.xcconfig */,
				B231846CFD00E318D8533132 /* Pods-NaverLogin.release.xcconfig */,
			);
			path = Pods;
			sourceTree = "<group>";
		};
/* End PBXGroup section */

/* Begin PBXNativeTarget section */
		54AA4FD4299319DB00BA5F23 /* NaverLogin */ = {
			isa = PBXNativeTarget;
			buildConfigurationList = 54AA4FE9299319DB00BA5F23 /* Build configuration list for PBXNativeTarget "NaverLogin" */;
			buildPhases = (
				D7FE34D39D472A41CA13EF0C /* [CP] Check Pods Manifest.lock */,
				54AA4FD1299319DB00BA5F23 /* Sources */,
				54AA4FD2299319DB00BA5F23 /* Frameworks */,
				54AA4FD3299319DB00BA5F23 /* Resources */,
				E00A13830DFA51DF7BC93864 /* [CP] Embed Pods Frameworks */,
			);
			buildRules = (
			);
			dependencies = (
			);
			name = NaverLogin;
			packageProductDependencies = (
				548C3B912993D86F00600163 /* Alamofire */,
			);
			productName = NaverLogin;
			productReference = 54AA4FD5299319DB00BA5F23 /* NaverLogin.app */;
			productType = "com.apple.product-type.application";
		};
/* End PBXNativeTarget section */

/* Begin PBXProject section */
		54AA4FCD299319DB00BA5F23 /* Project object */ = {
			isa = PBXProject;
			attributes = {
				BuildIndependentTargetsInParallel = 1;
				LastSwiftUpdateCheck = 1410;
				LastUpgradeCheck = 1410;
				TargetAttributes = {
					54AA4FD4299319DB00BA5F23 = {
						CreatedOnToolsVersion = 14.1;
					};
				};
			};
			buildConfigurationList = 54AA4FD0299319DB00BA5F23 /* Build configuration list for PBXProject "NaverLogin" */;
			compatibilityVersion = "Xcode 13.0";
			developmentRegion = en;
			hasScannedForEncodings = 0;
			knownRegions = (
				en,
				Base,
			);
			mainGroup = 54AA4FCC299319DB00BA5F23;
			packageReferences = (
				548C3B902993D86F00600163 /* XCRemoteSwiftPackageReference "Alamofire" */,
			);
			productRefGroup = 54AA4FD6299319DB00BA5F23 /* Products */;
			projectDirPath = "";
			projectRoot = "";
			targets = (
				54AA4FD4299319DB00BA5F23 /* NaverLogin */,
			);
		};
/* End PBXProject section */

/* Begin PBXResourcesBuildPhase section */
		54AA4FD3299319DB00BA5F23 /* Resources */ = {
			isa = PBXResourcesBuildPhase;
			buildActionMask = 2147483647;
			files = (
				540D69CF2993246D00A565ED /* .gitignore in Resources */,
				54AA4FE5299319DB00BA5F23 /* LaunchScreen.storyboard in Resources */,
				54AA4FE2299319DB00BA5F23 /* Assets.xcassets in Resources */,
				54AA4FE0299319DB00BA5F23 /* Main.storyboard in Resources */,
			);
			runOnlyForDeploymentPostprocessing = 0;
		};
/* End PBXResourcesBuildPhase section */

/* Begin PBXShellScriptBuildPhase section */
		D7FE34D39D472A41CA13EF0C /* [CP] Check Pods Manifest.lock */ = {
			isa = PBXShellScriptBuildPhase;
			buildActionMask = 2147483647;
			files = (
			);
			inputFileListPaths = (
			);
			inputPaths = (
				"${PODS_PODFILE_DIR_PATH}/Podfile.lock",
				"${PODS_ROOT}/Manifest.lock",
			);
			name = "[CP] Check Pods Manifest.lock";
			outputFileListPaths = (
			);
			outputPaths = (
				"$(DERIVED_FILE_DIR)/Pods-NaverLogin-checkManifestLockResult.txt",
			);
			runOnlyForDeploymentPostprocessing = 0;
			shellPath = /bin/sh;
			shellScript = "diff \"${PODS_PODFILE_DIR_PATH}/Podfile.lock\" \"${PODS_ROOT}/Manifest.lock\" > /dev/null\nif [ $? != 0 ] ; then\n    # print error to STDERR\n    echo \"error: The sandbox is not in sync with the Podfile.lock. Run 'pod install' or update your CocoaPods installation.\" >&2\n    exit 1\nfi\n# This output is used by Xcode 'outputs' to avoid re-running this script phase.\necho \"SUCCESS\" > \"${SCRIPT_OUTPUT_FILE_0}\"\n";
			showEnvVarsInLog = 0;
		};
		E00A13830DFA51DF7BC93864 /* [CP] Embed Pods Frameworks */ = {
			isa = PBXShellScriptBuildPhase;
			buildActionMask = 2147483647;
			files = (
			);
			inputFileListPaths = (
				"${PODS_ROOT}/Target Support Files/Pods-NaverLogin/Pods-NaverLogin-frameworks-${CONFIGURATION}-input-files.xcfilelist",
			);
			name = "[CP] Embed Pods Frameworks";
			outputFileListPaths = (
				"${PODS_ROOT}/Target Support Files/Pods-NaverLogin/Pods-NaverLogin-frameworks-${CONFIGURATION}-output-files.xcfilelist",
			);
			runOnlyForDeploymentPostprocessing = 0;
			shellPath = /bin/sh;
			shellScript = "\"${PODS_ROOT}/Target Support Files/Pods-NaverLogin/Pods-NaverLogin-frameworks.sh\"\n";
			showEnvVarsInLog = 0;
		};
/* End PBXShellScriptBuildPhase section */

/* Begin PBXSourcesBuildPhase section */
		54AA4FD1299319DB00BA5F23 /* Sources */ = {
			isa = PBXSourcesBuildPhase;
			buildActionMask = 2147483647;
			files = (
				54AA4FDD299319DB00BA5F23 /* ViewController.swift in Sources */,
				54AA4FD9299319DB00BA5F23 /* AppDelegate.swift in Sources */,
				54AA4FDB299319DB00BA5F23 /* SceneDelegate.swift in Sources */,
			);
			runOnlyForDeploymentPostprocessing = 0;
		};
/* End PBXSourcesBuildPhase section */

/* Begin PBXVariantGroup section */
		54AA4FDE299319DB00BA5F23 /* Main.storyboard */ = {
			isa = PBXVariantGroup;
			children = (
				54AA4FDF299319DB00BA5F23 /* Base */,
			);
			name = Main.storyboard;
			sourceTree = "<group>";
		};
		54AA4FE3299319DB00BA5F23 /* LaunchScreen.storyboard */ = {
			isa = PBXVariantGroup;
			children = (
				54AA4FE4299319DB00BA5F23 /* Base */,
			);
			name = LaunchScreen.storyboard;
			sourceTree = "<group>";
		};
/* End PBXVariantGroup section */

/* Begin XCBuildConfiguration section */
		54AA4FE7299319DB00BA5F23 /* Debug */ = {
			isa = XCBuildConfiguration;
			buildSettings = {
				ALWAYS_SEARCH_USER_PATHS = NO;
				CLANG_ANALYZER_NONNULL = YES;
				CLANG_ANALYZER_NUMBER_OBJECT_CONVERSION = YES_AGGRESSIVE;
				CLANG_CXX_LANGUAGE_STANDARD = "gnu++20";
				CLANG_ENABLE_MODULES = YES;
				CLANG_ENABLE_OBJC_ARC = YES;
				CLANG_ENABLE_OBJC_WEAK = YES;
				CLANG_WARN_BLOCK_CAPTURE_AUTORELEASING = YES;
				CLANG_WARN_BOOL_CONVERSION = YES;
				CLANG_WARN_COMMA = YES;
				CLANG_WARN_CONSTANT_CONVERSION = YES;
				CLANG_WARN_DEPRECATED_OBJC_IMPLEMENTATIONS = YES;
				CLANG_WARN_DIRECT_OBJC_ISA_USAGE = YES_ERROR;
				CLANG_WARN_DOCUMENTATION_COMMENTS = YES;
				CLANG_WARN_EMPTY_BODY = YES;
				CLANG_WARN_ENUM_CONVERSION = YES;
				CLANG_WARN_INFINITE_RECURSION = YES;
				CLANG_WARN_INT_CONVERSION = YES;
				CLANG_WARN_NON_LITERAL_NULL_CONVERSION = YES;
				CLANG_WARN_OBJC_IMPLICIT_RETAIN_SELF = YES;
				CLANG_WARN_OBJC_LITERAL_CONVERSION = YES;
				CLANG_WARN_OBJC_ROOT_CLASS = YES_ERROR;
				CLANG_WARN_QUOTED_INCLUDE_IN_FRAMEWORK_HEADER = YES;
				CLANG_WARN_RANGE_LOOP_ANALYSIS = YES;
				CLANG_WARN_STRICT_PROTOTYPES = YES;
				CLANG_WARN_SUSPICIOUS_MOVE = YES;
				CLANG_WARN_UNGUARDED_AVAILABILITY = YES_AGGRESSIVE;
				CLANG_WARN_UNREACHABLE_CODE = YES;
				CLANG_WARN__DUPLICATE_METHOD_MATCH = YES;
				COPY_PHASE_STRIP = NO;
				DEBUG_INFORMATION_FORMAT = dwarf;
				ENABLE_STRICT_OBJC_MSGSEND = YES;
				ENABLE_TESTABILITY = YES;
				GCC_C_LANGUAGE_STANDARD = gnu11;
				GCC_DYNAMIC_NO_PIC = NO;
				GCC_NO_COMMON_BLOCKS = YES;
				GCC_OPTIMIZATION_LEVEL = 0;
				GCC_PREPROCESSOR_DEFINITIONS = (
					"DEBUG=1",
					"$(inherited)",
				);
				GCC_WARN_64_TO_32_BIT_CONVERSION = YES;
				GCC_WARN_ABOUT_RETURN_TYPE = YES_ERROR;
				GCC_WARN_UNDECLARED_SELECTOR = YES;
				GCC_WARN_UNINITIALIZED_AUTOS = YES_AGGRESSIVE;
				GCC_WARN_UNUSED_FUNCTION = YES;
				GCC_WARN_UNUSED_VARIABLE = YES;
				IPHONEOS_DEPLOYMENT_TARGET = 15.0;
				MTL_ENABLE_DEBUG_INFO = INCLUDE_SOURCE;
				MTL_FAST_MATH = YES;
				ONLY_ACTIVE_ARCH = YES;
				SDKROOT = iphoneos;
				SWIFT_ACTIVE_COMPILATION_CONDITIONS = DEBUG;
				SWIFT_OPTIMIZATION_LEVEL = "-Onone";
			};
			name = Debug;
		};
		54AA4FE8299319DB00BA5F23 /* Release */ = {
			isa = XCBuildConfiguration;
			buildSettings = {
				ALWAYS_SEARCH_USER_PATHS = NO;
				CLANG_ANALYZER_NONNULL = YES;
				CLANG_ANALYZER_NUMBER_OBJECT_CONVERSION = YES_AGGRESSIVE;
				CLANG_CXX_LANGUAGE_STANDARD = "gnu++20";
				CLANG_ENABLE_MODULES = YES;
				CLANG_ENABLE_OBJC_ARC = YES;
				CLANG_ENABLE_OBJC_WEAK = YES;
				CLANG_WARN_BLOCK_CAPTURE_AUTORELEASING = YES;
				CLANG_WARN_BOOL_CONVERSION = YES;
				CLANG_WARN_COMMA = YES;
				CLANG_WARN_CONSTANT_CONVERSION = YES;
				CLANG_WARN_DEPRECATED_OBJC_IMPLEMENTATIONS = YES;
				CLANG_WARN_DIRECT_OBJC_ISA_USAGE = YES_ERROR;
				CLANG_WARN_DOCUMENTATION_COMMENTS = YES;
				CLANG_WARN_EMPTY_BODY = YES;
				CLANG_WARN_ENUM_CONVERSION = YES;
				CLANG_WARN_INFINITE_RECURSION = YES;
				CLANG_WARN_INT_CONVERSION = YES;
				CLANG_WARN_NON_LITERAL_NULL_CONVERSION = YES;
				CLANG_WARN_OBJC_IMPLICIT_RETAIN_SELF = YES;
				CLANG_WARN_OBJC_LITERAL_CONVERSION = YES;
				CLANG_WARN_OBJC_ROOT_CLASS = YES_ERROR;
				CLANG_WARN_QUOTED_INCLUDE_IN_FRAMEWORK_HEADER = YES;
				CLANG_WARN_RANGE_LOOP_ANALYSIS = YES;
				CLANG_WARN_STRICT_PROTOTYPES = YES;
				CLANG_WARN_SUSPICIOUS_MOVE = YES;
				CLANG_WARN_UNGUARDED_AVAILABILITY = YES_AGGRESSIVE;
				CLANG_WARN_UNREACHABLE_CODE = YES;
				CLANG_WARN__DUPLICATE_METHOD_MATCH = YES;
				COPY_PHASE_STRIP = NO;
				DEBUG_INFORMATION_FORMAT = "dwarf-with-dsym";
				ENABLE_NS_ASSERTIONS = NO;
				ENABLE_STRICT_OBJC_MSGSEND = YES;
				GCC_C_LANGUAGE_STANDARD = gnu11;
				GCC_NO_COMMON_BLOCKS = YES;
				GCC_WARN_64_TO_32_BIT_CONVERSION = YES;
				GCC_WARN_ABOUT_RETURN_TYPE = YES_ERROR;
				GCC_WARN_UNDECLARED_SELECTOR = YES;
				GCC_WARN_UNINITIALIZED_AUTOS = YES_AGGRESSIVE;
				GCC_WARN_UNUSED_FUNCTION = YES;
				GCC_WARN_UNUSED_VARIABLE = YES;
				IPHONEOS_DEPLOYMENT_TARGET = 15.0;
				MTL_ENABLE_DEBUG_INFO = NO;
				MTL_FAST_MATH = YES;
				SDKROOT = iphoneos;
				SWIFT_COMPILATION_MODE = wholemodule;
				SWIFT_OPTIMIZATION_LEVEL = "-O";
				VALIDATE_PRODUCT = YES;
			};
			name = Release;
		};
		54AA4FEA299319DB00BA5F23 /* Debug */ = {
			isa = XCBuildConfiguration;
			baseConfigurationReference = 570558E67246FCDD29D93A29 /* Pods-NaverLogin.debug.xcconfig */;
			buildSettings = {
				ASSETCATALOG_COMPILER_APPICON_NAME = AppIcon;
				ASSETCATALOG_COMPILER_GLOBAL_ACCENT_COLOR_NAME = AccentColor;
				CODE_SIGN_STYLE = Automatic;
				CURRENT_PROJECT_VERSION = 1;
				DEVELOPMENT_TEAM = N67R5W6U5A;
				GENERATE_INFOPLIST_FILE = YES;
				INFOPLIST_FILE = NaverLogin/Info.plist;
				INFOPLIST_KEY_UIApplicationSupportsIndirectInputEvents = YES;
				INFOPLIST_KEY_UILaunchStoryboardName = LaunchScreen;
				INFOPLIST_KEY_UIMainStoryboardFile = Main;
				INFOPLIST_KEY_UISupportedInterfaceOrientations_iPad = "UIInterfaceOrientationPortrait UIInterfaceOrientationPortraitUpsideDown UIInterfaceOrientationLandscapeLeft UIInterfaceOrientationLandscapeRight";
				INFOPLIST_KEY_UISupportedInterfaceOrientations_iPhone = "UIInterfaceOrientationPortrait UIInterfaceOrientationLandscapeLeft UIInterfaceOrientationLandscapeRight";
				IPHONEOS_DEPLOYMENT_TARGET = 15.0;
				LD_RUNPATH_SEARCH_PATHS = (
					"$(inherited)",
					"@executable_path/Frameworks",
				);
				MARKETING_VERSION = 1.0;
				PRODUCT_BUNDLE_IDENTIFIER = michelle.NaverLogin;
				PRODUCT_NAME = "$(TARGET_NAME)";
				SUPPORTED_PLATFORMS = "iphoneos iphonesimulator";
				SUPPORTS_MACCATALYST = NO;
				SUPPORTS_MAC_DESIGNED_FOR_IPHONE_IPAD = NO;
				SWIFT_EMIT_LOC_STRINGS = YES;
				SWIFT_VERSION = 5.0;
				TARGETED_DEVICE_FAMILY = 1;
			};
			name = Debug;
		};
		54AA4FEB299319DB00BA5F23 /* Release */ = {
			isa = XCBuildConfiguration;
			baseConfigurationReference = B231846CFD00E318D8533132 /* Pods-NaverLogin.release.xcconfig */;
			buildSettings = {
				ASSETCATALOG_COMPILER_APPICON_NAME = AppIcon;
				ASSETCATALOG_COMPILER_GLOBAL_ACCENT_COLOR_NAME = AccentColor;
				CODE_SIGN_STYLE = Automatic;
				CURRENT_PROJECT_VERSION = 1;
				DEVELOPMENT_TEAM = N67R5W6U5A;
				GENERATE_INFOPLIST_FILE = YES;
				INFOPLIST_FILE = NaverLogin/Info.plist;
				INFOPLIST_KEY_UIApplicationSupportsIndirectInputEvents = YES;
				INFOPLIST_KEY_UILaunchStoryboardName = LaunchScreen;
				INFOPLIST_KEY_UIMainStoryboardFile = Main;
				INFOPLIST_KEY_UISupportedInterfaceOrientations_iPad = "UIInterfaceOrientationPortrait UIInterfaceOrientationPortraitUpsideDown UIInterfaceOrientationLandscapeLeft UIInterfaceOrientationLandscapeRight";
				INFOPLIST_KEY_UISupportedInterfaceOrientations_iPhone = "UIInterfaceOrientationPortrait UIInterfaceOrientationLandscapeLeft UIInterfaceOrientationLandscapeRight";
				IPHONEOS_DEPLOYMENT_TARGET = 15.0;
				LD_RUNPATH_SEARCH_PATHS = (
					"$(inherited)",
					"@executable_path/Frameworks",
				);
				MARKETING_VERSION = 1.0;
				PRODUCT_BUNDLE_IDENTIFIER = michelle.NaverLogin;
				PRODUCT_NAME = "$(TARGET_NAME)";
				SUPPORTED_PLATFORMS = "iphoneos iphonesimulator";
				SUPPORTS_MACCATALYST = NO;
				SUPPORTS_MAC_DESIGNED_FOR_IPHONE_IPAD = NO;
				SWIFT_EMIT_LOC_STRINGS = YES;
				SWIFT_VERSION = 5.0;
				TARGETED_DEVICE_FAMILY = 1;
			};
			name = Release;
		};
/* End XCBuildConfiguration section */

/* Begin XCConfigurationList section */
		54AA4FD0299319DB00BA5F23 /* Build configuration list for PBXProject "NaverLogin" */ = {
			isa = XCConfigurationList;
			buildConfigurations = (
				54AA4FE7299319DB00BA5F23 /* Debug */,
				54AA4FE8299319DB00BA5F23 /* Release */,
			);
			defaultConfigurationIsVisible = 0;
			defaultConfigurationName = Release;
		};
		54AA4FE9299319DB00BA5F23 /* Build configuration list for PBXNativeTarget "NaverLogin" */ = {
			isa = XCConfigurationList;
			buildConfigurations = (
				54AA4FEA299319DB00BA5F23 /* Debug */,
				54AA4FEB299319DB00BA5F23 /* Release */,
			);
			defaultConfigurationIsVisible = 0;
			defaultConfigurationName = Release;
		};
/* End XCConfigurationList section */

/* Begin XCRemoteSwiftPackageReference section */
		548C3B902993D86F00600163 /* XCRemoteSwiftPackageReference "Alamofire" */ = {
			isa = XCRemoteSwiftPackageReference;
			repositoryURL = "https://github.com/Alamofire/Alamofire.git";
			requirement = {
				kind = upToNextMajorVersion;
				minimumVersion = 5.0.0;
			};
		};
/* End XCRemoteSwiftPackageReference section */

/* Begin XCSwiftPackageProductDependency section */
		548C3B912993D86F00600163 /* Alamofire */ = {
			isa = XCSwiftPackageProductDependency;
			package = 548C3B902993D86F00600163 /* XCRemoteSwiftPackageReference "Alamofire" */;
			productName = Alamofire;
		};
/* End XCSwiftPackageProductDependency section */
	};
	rootObject = 54AA4FCD299319DB00BA5F23 /* Project object */;
}
